
Microsoft Visual Studio Solution File, Format Version 12.00
# Visual Studio Version 16
VisualStudioVersion = 16.0.31702.278
MinimumVisualStudioVersion = 10.0.40219.1
Project("{FAE04EC0-301F-11D3-BF4B-00C04F79EFBC}") = "GraphDB-Testing", "GraphDB-Testing\GraphDB-Testing.csproj", "{9E4D836A-93AD-470E-831A-98E9C1C22FE1}"
EndProject
Global
	GlobalSection(SolutionConfigurationPlatforms) = preSolution
		Debug|Any CPU = Debug|Any CPU
		Release|Any CPU = Release|Any CPU
	EndGlobalSection
	GlobalSection(ProjectConfigurationPlatforms) = postSolution
		{9E4D836A-93AD-470E-831A-98E9C1C22FE1}.Debug|Any CPU.ActiveCfg = Debug|Any CPU
		{9E4D836A-93AD-470E-831A-98E9C1C22FE1}.Debug|Any CPU.Build.0 = Debug|Any CPU
		{9E4D836A-93AD-470E-831A-98E9C1C22FE1}.Release|Any CPU.ActiveCfg = Release|Any CPU
		{9E4D836A-93AD-470E-831A-98E9C1C22FE1}.Release|Any CPU.Build.0 = Release|Any CPU
	EndGlobalSection
	GlobalSection(SolutionProperties) = preSolution
		HideSolutionNode = FALSE
	EndGlobalSection
	GlobalSection(ExtensibilityGlobals) = postSolution
		SolutionGuid = {AD0406A5-C538-4F7D-B491-518A8B1AE2AD}
	EndGlobalSection
EndGlobal
